
Microsoft Visual Studio Solution File, Format Version 12.00
# Visual Studio Version 17
VisualStudioVersion = 17.4.33103.184
MinimumVisualStudioVersion = 10.0.40219.1
Project("{FAE04EC0-301F-11D3-BF4B-00C04F79EFBC}") = "Proj-003", "Proj-003.csproj", "{28BEDB54-5292-49C0-80B9-1FCF750CEA95}"
EndProject
Global
	GlobalSection(SolutionConfigurationPlatforms) = preSolution
		Debug|Any CPU = Debug|Any CPU
		Release|Any CPU = Release|Any CPU
	EndGlobalSection
	GlobalSection(ProjectConfigurationPlatforms) = postSolution
		{28BEDB54-5292-49C0-80B9-1FCF750CEA95}.Debug|Any CPU.ActiveCfg = Debug|Any CPU
		{28BEDB54-5292-49C0-80B9-1FCF750CEA95}.Debug|Any CPU.Build.0 = Debug|Any CPU
		{28BEDB54-5292-49C0-80B9-1FCF750CEA95}.Release|Any CPU.ActiveCfg = Release|Any CPU
		{28BEDB54-5292-49C0-80B9-1FCF750CEA95}.Release|Any CPU.Build.0 = Release|Any CPU
	EndGlobalSection
	GlobalSection(SolutionProperties) = preSolution
		HideSolutionNode = FALSE
	EndGlobalSection
	GlobalSection(ExtensibilityGlobals) = postSolution
		SolutionGuid = {611B7670-C49F-4CDD-9B11-F7A788F00D10}
	EndGlobalSection
EndGlobal
