
Microsoft Visual Studio Solution File, Format Version 12.00
# Visual Studio Version 17
VisualStudioVersion = 17.4.33103.184
MinimumVisualStudioVersion = 10.0.40219.1
Project("{FAE04EC0-301F-11D3-BF4B-00C04F79EFBC}") = "Proj-005", "Proj-005.csproj", "{DA0CF896-242C-4F7C-8049-B0461E622C00}"
EndProject
Global
	GlobalSection(SolutionConfigurationPlatforms) = preSolution
		Debug|Any CPU = Debug|Any CPU
		Release|Any CPU = Release|Any CPU
	EndGlobalSection
	GlobalSection(ProjectConfigurationPlatforms) = postSolution
		{DA0CF896-242C-4F7C-8049-B0461E622C00}.Debug|Any CPU.ActiveCfg = Debug|Any CPU
		{DA0CF896-242C-4F7C-8049-B0461E622C00}.Debug|Any CPU.Build.0 = Debug|Any CPU
		{DA0CF896-242C-4F7C-8049-B0461E622C00}.Release|Any CPU.ActiveCfg = Release|Any CPU
		{DA0CF896-242C-4F7C-8049-B0461E622C00}.Release|Any CPU.Build.0 = Release|Any CPU
	EndGlobalSection
	GlobalSection(SolutionProperties) = preSolution
		HideSolutionNode = FALSE
	EndGlobalSection
	GlobalSection(ExtensibilityGlobals) = postSolution
		SolutionGuid = {BDD559E2-9946-4649-B8B7-67E2F71BAA0C}
	EndGlobalSection
EndGlobal
