
Microsoft Visual Studio Solution File, Format Version 12.00
# Visual Studio Version 17
VisualStudioVersion = 17.4.33103.184
MinimumVisualStudioVersion = 10.0.40219.1
Project("{FAE04EC0-301F-11D3-BF4B-00C04F79EFBC}") = "Proj-044", "Proj-044.csproj", "{480208CA-FC00-4436-BD63-DE0CCC193A52}"
EndProject
Global
	GlobalSection(SolutionConfigurationPlatforms) = preSolution
		Debug|Any CPU = Debug|Any CPU
		Release|Any CPU = Release|Any CPU
	EndGlobalSection
	GlobalSection(ProjectConfigurationPlatforms) = postSolution
		{480208CA-FC00-4436-BD63-DE0CCC193A52}.Debug|Any CPU.ActiveCfg = Debug|Any CPU
		{480208CA-FC00-4436-BD63-DE0CCC193A52}.Debug|Any CPU.Build.0 = Debug|Any CPU
		{480208CA-FC00-4436-BD63-DE0CCC193A52}.Release|Any CPU.ActiveCfg = Release|Any CPU
		{480208CA-FC00-4436-BD63-DE0CCC193A52}.Release|Any CPU.Build.0 = Release|Any CPU
	EndGlobalSection
	GlobalSection(SolutionProperties) = preSolution
		HideSolutionNode = FALSE
	EndGlobalSection
	GlobalSection(ExtensibilityGlobals) = postSolution
		SolutionGuid = {5370828E-4793-4E51-990D-1F9F34411BB6}
	EndGlobalSection
EndGlobal
