
Microsoft Visual Studio Solution File, Format Version 12.00
# Visual Studio Version 17
VisualStudioVersion = 17.4.33103.184
MinimumVisualStudioVersion = 10.0.40219.1
Project("{FAE04EC0-301F-11D3-BF4B-00C04F79EFBC}") = "Proj-007", "Proj-007.csproj", "{97206486-46D2-4C8A-9AEF-7412E1C0D7CC}"
EndProject
Global
	GlobalSection(SolutionConfigurationPlatforms) = preSolution
		Debug|Any CPU = Debug|Any CPU
		Release|Any CPU = Release|Any CPU
	EndGlobalSection
	GlobalSection(ProjectConfigurationPlatforms) = postSolution
		{97206486-46D2-4C8A-9AEF-7412E1C0D7CC}.Debug|Any CPU.ActiveCfg = Debug|Any CPU
		{97206486-46D2-4C8A-9AEF-7412E1C0D7CC}.Debug|Any CPU.Build.0 = Debug|Any CPU
		{97206486-46D2-4C8A-9AEF-7412E1C0D7CC}.Release|Any CPU.ActiveCfg = Release|Any CPU
		{97206486-46D2-4C8A-9AEF-7412E1C0D7CC}.Release|Any CPU.Build.0 = Release|Any CPU
	EndGlobalSection
	GlobalSection(SolutionProperties) = preSolution
		HideSolutionNode = FALSE
	EndGlobalSection
	GlobalSection(ExtensibilityGlobals) = postSolution
		SolutionGuid = {FFA2B336-2FF0-4F55-9952-EC042E024FA5}
	EndGlobalSection
EndGlobal
