
Microsoft Visual Studio Solution File, Format Version 12.00
# Visual Studio Version 17
VisualStudioVersion = 17.4.33103.184
MinimumVisualStudioVersion = 10.0.40219.1
Project("{FAE04EC0-301F-11D3-BF4B-00C04F79EFBC}") = "Proj-023", "Proj-023.csproj", "{BAC445C4-CFE7-407A-8062-E297DC790141}"
EndProject
Global
	GlobalSection(SolutionConfigurationPlatforms) = preSolution
		Debug|Any CPU = Debug|Any CPU
		Release|Any CPU = Release|Any CPU
	EndGlobalSection
	GlobalSection(ProjectConfigurationPlatforms) = postSolution
		{BAC445C4-CFE7-407A-8062-E297DC790141}.Debug|Any CPU.ActiveCfg = Debug|Any CPU
		{BAC445C4-CFE7-407A-8062-E297DC790141}.Debug|Any CPU.Build.0 = Debug|Any CPU
		{BAC445C4-CFE7-407A-8062-E297DC790141}.Release|Any CPU.ActiveCfg = Release|Any CPU
		{BAC445C4-CFE7-407A-8062-E297DC790141}.Release|Any CPU.Build.0 = Release|Any CPU
	EndGlobalSection
	GlobalSection(SolutionProperties) = preSolution
		HideSolutionNode = FALSE
	EndGlobalSection
	GlobalSection(ExtensibilityGlobals) = postSolution
		SolutionGuid = {03F6A808-F867-4024-BB2A-6F83E0D3B49E}
	EndGlobalSection
EndGlobal
