
Microsoft Visual Studio Solution File, Format Version 12.00
# Visual Studio Version 17
VisualStudioVersion = 17.4.33103.184
MinimumVisualStudioVersion = 10.0.40219.1
Project("{FAE04EC0-301F-11D3-BF4B-00C04F79EFBC}") = "Proj-014", "Proj-014.csproj", "{BC545659-9C44-4818-941A-D550FCF47CBF}"
EndProject
Global
	GlobalSection(SolutionConfigurationPlatforms) = preSolution
		Debug|Any CPU = Debug|Any CPU
		Release|Any CPU = Release|Any CPU
	EndGlobalSection
	GlobalSection(ProjectConfigurationPlatforms) = postSolution
		{BC545659-9C44-4818-941A-D550FCF47CBF}.Debug|Any CPU.ActiveCfg = Debug|Any CPU
		{BC545659-9C44-4818-941A-D550FCF47CBF}.Debug|Any CPU.Build.0 = Debug|Any CPU
		{BC545659-9C44-4818-941A-D550FCF47CBF}.Release|Any CPU.ActiveCfg = Release|Any CPU
		{BC545659-9C44-4818-941A-D550FCF47CBF}.Release|Any CPU.Build.0 = Release|Any CPU
	EndGlobalSection
	GlobalSection(SolutionProperties) = preSolution
		HideSolutionNode = FALSE
	EndGlobalSection
	GlobalSection(ExtensibilityGlobals) = postSolution
		SolutionGuid = {AC65E4EE-7509-4382-B7DA-4100EE858E87}
	EndGlobalSection
EndGlobal
