
Microsoft Visual Studio Solution File, Format Version 12.00
# Visual Studio Version 17
VisualStudioVersion = 17.4.33103.184
MinimumVisualStudioVersion = 10.0.40219.1
Project("{FAE04EC0-301F-11D3-BF4B-00C04F79EFBC}") = "Proj-022", "Proj-022.csproj", "{211B69A1-DC1F-4DC0-BA0C-A4493ABD2F7F}"
EndProject
Global
	GlobalSection(SolutionConfigurationPlatforms) = preSolution
		Debug|Any CPU = Debug|Any CPU
		Release|Any CPU = Release|Any CPU
	EndGlobalSection
	GlobalSection(ProjectConfigurationPlatforms) = postSolution
		{211B69A1-DC1F-4DC0-BA0C-A4493ABD2F7F}.Debug|Any CPU.ActiveCfg = Debug|Any CPU
		{211B69A1-DC1F-4DC0-BA0C-A4493ABD2F7F}.Debug|Any CPU.Build.0 = Debug|Any CPU
		{211B69A1-DC1F-4DC0-BA0C-A4493ABD2F7F}.Release|Any CPU.ActiveCfg = Release|Any CPU
		{211B69A1-DC1F-4DC0-BA0C-A4493ABD2F7F}.Release|Any CPU.Build.0 = Release|Any CPU
	EndGlobalSection
	GlobalSection(SolutionProperties) = preSolution
		HideSolutionNode = FALSE
	EndGlobalSection
	GlobalSection(ExtensibilityGlobals) = postSolution
		SolutionGuid = {AEE21E93-8DF1-4054-BAD7-2B75EC588C0E}
	EndGlobalSection
EndGlobal
