
Microsoft Visual Studio Solution File, Format Version 12.00
# Visual Studio Version 17
VisualStudioVersion = 17.4.33103.184
MinimumVisualStudioVersion = 10.0.40219.1
Project("{FAE04EC0-301F-11D3-BF4B-00C04F79EFBC}") = "Proj-042", "Proj-042.csproj", "{9B478D1D-64B0-462B-982E-EDC17D1DD7F1}"
EndProject
Global
	GlobalSection(SolutionConfigurationPlatforms) = preSolution
		Debug|Any CPU = Debug|Any CPU
		Release|Any CPU = Release|Any CPU
	EndGlobalSection
	GlobalSection(ProjectConfigurationPlatforms) = postSolution
		{9B478D1D-64B0-462B-982E-EDC17D1DD7F1}.Debug|Any CPU.ActiveCfg = Debug|Any CPU
		{9B478D1D-64B0-462B-982E-EDC17D1DD7F1}.Debug|Any CPU.Build.0 = Debug|Any CPU
		{9B478D1D-64B0-462B-982E-EDC17D1DD7F1}.Release|Any CPU.ActiveCfg = Release|Any CPU
		{9B478D1D-64B0-462B-982E-EDC17D1DD7F1}.Release|Any CPU.Build.0 = Release|Any CPU
	EndGlobalSection
	GlobalSection(SolutionProperties) = preSolution
		HideSolutionNode = FALSE
	EndGlobalSection
	GlobalSection(ExtensibilityGlobals) = postSolution
		SolutionGuid = {C8AAB32A-06B6-4BF9-8D17-476B948CD3D7}
	EndGlobalSection
EndGlobal
