
Microsoft Visual Studio Solution File, Format Version 12.00
# Visual Studio Version 17
VisualStudioVersion = 17.4.33103.184
MinimumVisualStudioVersion = 10.0.40219.1
Project("{FAE04EC0-301F-11D3-BF4B-00C04F79EFBC}") = "Proj-019", "Proj-019.csproj", "{D83315D5-F1D8-4306-9D92-58D10F2D17A0}"
EndProject
Global
	GlobalSection(SolutionConfigurationPlatforms) = preSolution
		Debug|Any CPU = Debug|Any CPU
		Release|Any CPU = Release|Any CPU
	EndGlobalSection
	GlobalSection(ProjectConfigurationPlatforms) = postSolution
		{D83315D5-F1D8-4306-9D92-58D10F2D17A0}.Debug|Any CPU.ActiveCfg = Debug|Any CPU
		{D83315D5-F1D8-4306-9D92-58D10F2D17A0}.Debug|Any CPU.Build.0 = Debug|Any CPU
		{D83315D5-F1D8-4306-9D92-58D10F2D17A0}.Release|Any CPU.ActiveCfg = Release|Any CPU
		{D83315D5-F1D8-4306-9D92-58D10F2D17A0}.Release|Any CPU.Build.0 = Release|Any CPU
	EndGlobalSection
	GlobalSection(SolutionProperties) = preSolution
		HideSolutionNode = FALSE
	EndGlobalSection
	GlobalSection(ExtensibilityGlobals) = postSolution
		SolutionGuid = {973EA495-3534-4016-BA74-2E0C09B374B2}
	EndGlobalSection
EndGlobal
