
Microsoft Visual Studio Solution File, Format Version 12.00
# Visual Studio Version 17
VisualStudioVersion = 17.4.33103.184
MinimumVisualStudioVersion = 10.0.40219.1
Project("{FAE04EC0-301F-11D3-BF4B-00C04F79EFBC}") = "Proj-034", "Proj-034.csproj", "{75E5602D-F4E5-4A4B-8B63-D5DEF413A02E}"
EndProject
Global
	GlobalSection(SolutionConfigurationPlatforms) = preSolution
		Debug|Any CPU = Debug|Any CPU
		Release|Any CPU = Release|Any CPU
	EndGlobalSection
	GlobalSection(ProjectConfigurationPlatforms) = postSolution
		{75E5602D-F4E5-4A4B-8B63-D5DEF413A02E}.Debug|Any CPU.ActiveCfg = Debug|Any CPU
		{75E5602D-F4E5-4A4B-8B63-D5DEF413A02E}.Debug|Any CPU.Build.0 = Debug|Any CPU
		{75E5602D-F4E5-4A4B-8B63-D5DEF413A02E}.Release|Any CPU.ActiveCfg = Release|Any CPU
		{75E5602D-F4E5-4A4B-8B63-D5DEF413A02E}.Release|Any CPU.Build.0 = Release|Any CPU
	EndGlobalSection
	GlobalSection(SolutionProperties) = preSolution
		HideSolutionNode = FALSE
	EndGlobalSection
	GlobalSection(ExtensibilityGlobals) = postSolution
		SolutionGuid = {32BDA22A-4661-42B8-96E5-4E3601C684C7}
	EndGlobalSection
EndGlobal
