
Microsoft Visual Studio Solution File, Format Version 12.00
# Visual Studio Version 17
VisualStudioVersion = 17.4.33213.308
MinimumVisualStudioVersion = 10.0.40219.1
Project("{FAE04EC0-301F-11D3-BF4B-00C04F79EFBC}") = "Proj-004", "Proj-004.csproj", "{61F595E5-0FA0-4F33-9B1E-A2F3787AC05C}"
EndProject
Global
	GlobalSection(SolutionConfigurationPlatforms) = preSolution
		Debug|Any CPU = Debug|Any CPU
		Release|Any CPU = Release|Any CPU
	EndGlobalSection
	GlobalSection(ProjectConfigurationPlatforms) = postSolution
		{61F595E5-0FA0-4F33-9B1E-A2F3787AC05C}.Debug|Any CPU.ActiveCfg = Debug|Any CPU
		{61F595E5-0FA0-4F33-9B1E-A2F3787AC05C}.Debug|Any CPU.Build.0 = Debug|Any CPU
		{61F595E5-0FA0-4F33-9B1E-A2F3787AC05C}.Release|Any CPU.ActiveCfg = Release|Any CPU
		{61F595E5-0FA0-4F33-9B1E-A2F3787AC05C}.Release|Any CPU.Build.0 = Release|Any CPU
	EndGlobalSection
	GlobalSection(SolutionProperties) = preSolution
		HideSolutionNode = FALSE
	EndGlobalSection
	GlobalSection(ExtensibilityGlobals) = postSolution
		SolutionGuid = {0EC138A4-4848-4D22-96CD-CB5DCFC8FB4A}
	EndGlobalSection
EndGlobal
