
Microsoft Visual Studio Solution File, Format Version 12.00
# Visual Studio Version 17
VisualStudioVersion = 17.4.33103.184
MinimumVisualStudioVersion = 10.0.40219.1
Project("{FAE04EC0-301F-11D3-BF4B-00C04F79EFBC}") = "Proj-017", "Proj-017.csproj", "{E3FD1DD8-F254-4C8C-9E84-B2A54470844D}"
EndProject
Global
	GlobalSection(SolutionConfigurationPlatforms) = preSolution
		Debug|Any CPU = Debug|Any CPU
		Release|Any CPU = Release|Any CPU
	EndGlobalSection
	GlobalSection(ProjectConfigurationPlatforms) = postSolution
		{E3FD1DD8-F254-4C8C-9E84-B2A54470844D}.Debug|Any CPU.ActiveCfg = Debug|Any CPU
		{E3FD1DD8-F254-4C8C-9E84-B2A54470844D}.Debug|Any CPU.Build.0 = Debug|Any CPU
		{E3FD1DD8-F254-4C8C-9E84-B2A54470844D}.Release|Any CPU.ActiveCfg = Release|Any CPU
		{E3FD1DD8-F254-4C8C-9E84-B2A54470844D}.Release|Any CPU.Build.0 = Release|Any CPU
	EndGlobalSection
	GlobalSection(SolutionProperties) = preSolution
		HideSolutionNode = FALSE
	EndGlobalSection
	GlobalSection(ExtensibilityGlobals) = postSolution
		SolutionGuid = {70448A69-591D-4271-9CAA-6CB76EFF6D89}
	EndGlobalSection
EndGlobal
